// !$*UTF8*$!
{
	archiveVersion = 1;
	classes = {
	};
	objectVersion = 50;
	objects = {

/* Begin PBXBuildFile section */
		5D675064257390D200B3F0BC /* AppDelegate.swift in Sources */ = {isa = PBXBuildFile; fileRef = 5D675063257390D200B3F0BC /* AppDelegate.swift */; };
		5D675066257390D200B3F0BC /* SceneDelegate.swift in Sources */ = {isa = PBXBuildFile; fileRef = 5D675065257390D200B3F0BC /* SceneDelegate.swift */; };
		5D675068257390D200B3F0BC /* ViewController.swift in Sources */ = {isa = PBXBuildFile; fileRef = 5D675067257390D200B3F0BC /* ViewController.swift */; };
		5D67506B257390D200B3F0BC /* Main.storyboard in Resources */ = {isa = PBXBuildFile; fileRef = 5D675069257390D200B3F0BC /* Main.storyboard */; };
		5D67506E257390D200B3F0BC /* ItunesExplorer.xcdatamodeld in Sources */ = {isa = PBXBuildFile; fileRef = 5D67506C257390D200B3F0BC /* ItunesExplorer.xcdatamodeld */; };
		5D675070257390D700B3F0BC /* Assets.xcassets in Resources */ = {isa = PBXBuildFile; fileRef = 5D67506F257390D700B3F0BC /* Assets.xcassets */; };
		5D675073257390D700B3F0BC /* LaunchScreen.storyboard in Resources */ = {isa = PBXBuildFile; fileRef = 5D675071257390D700B3F0BC /* LaunchScreen.storyboard */; };
		5D67507E257390D700B3F0BC /* ItunesExplorerTests.swift in Sources */ = {isa = PBXBuildFile; fileRef = 5D67507D257390D700B3F0BC /* ItunesExplorerTests.swift */; };
/* End PBXBuildFile section */

/* Begin PBXContainerItemProxy section */
		5D67507A257390D700B3F0BC /* PBXContainerItemProxy */ = {
			isa = PBXContainerItemProxy;
			containerPortal = 5D675058257390D200B3F0BC /* Project object */;
			proxyType = 1;
			remoteGlobalIDString = 5D67505F257390D200B3F0BC;
			remoteInfo = ItunesExplorer;
		};
/* End PBXContainerItemProxy section */

/* Begin PBXFileReference section */
		5D675060257390D200B3F0BC /* ItunesExplorer.app */ = {isa = PBXFileReference; explicitFileType = wrapper.application; includeInIndex = 0; path = ItunesExplorer.app; sourceTree = BUILT_PRODUCTS_DIR; };
		5D675063257390D200B3F0BC /* AppDelegate.swift */ = {isa = PBXFileReference; lastKnownFileType = sourcecode.swift; path = AppDelegate.swift; sourceTree = "<group>"; };
		5D675065257390D200B3F0BC /* SceneDelegate.swift */ = {isa = PBXFileReference; lastKnownFileType = sourcecode.swift; path = SceneDelegate.swift; sourceTree = "<group>"; };
		5D675067257390D200B3F0BC /* ViewController.swift */ = {isa = PBXFileReference; lastKnownFileType = sourcecode.swift; path = ViewController.swift; sourceTree = "<group>"; };
		5D67506A257390D200B3F0BC /* Base */ = {isa = PBXFileReference; lastKnownFileType = file.storyboard; name = Base; path = Base.lproj/Main.storyboard; sourceTree = "<group>"; };
		5D67506D257390D200B3F0BC /* ItunesExplorer.xcdatamodel */ = {isa = PBXFileReference; lastKnownFileType = wrapper.xcdatamodel; path = ItunesExplorer.xcdatamodel; sourceTree = "<group>"; };
		5D67506F257390D700B3F0BC /* Assets.xcassets */ = {isa = PBXFileReference; lastKnownFileType = folder.assetcatalog; path = Assets.xcassets; sourceTree = "<group>"; };
		5D675072257390D700B3F0BC /* Base */ = {isa = PBXFileReference; lastKnownFileType = file.storyboard; name = Base; path = Base.lproj/LaunchScreen.storyboard; sourceTree = "<group>"; };
		5D675074257390D700B3F0BC /* Info.plist */ = {isa = PBXFileReference; lastKnownFileType = text.plist.xml; path = Info.plist; sourceTree = "<group>"; };
		5D675079257390D700B3F0BC /* ItunesExplorerTests.xctest */ = {isa = PBXFileReference; explicitFileType = wrapper.cfbundle; includeInIndex = 0; path = ItunesExplorerTests.xctest; sourceTree = BUILT_PRODUCTS_DIR; };
		5D67507D257390D700B3F0BC /* ItunesExplorerTests.swift */ = {isa = PBXFileReference; lastKnownFileType = sourcecode.swift; path = ItunesExplorerTests.swift; sourceTree = "<group>"; };
		5D67507F257390D700B3F0BC /* Info.plist */ = {isa = PBXFileReference; lastKnownFileType = text.plist.xml; path = Info.plist; sourceTree = "<group>"; };
/* End PBXFileReference section */

/* Begin PBXFrameworksBuildPhase section */
		5D67505D257390D200B3F0BC /* Frameworks */ = {
			isa = PBXFrameworksBuildPhase;
			buildActionMask = 2147483647;
			files = (
			);
			runOnlyForDeploymentPostprocessing = 0;
		};
		5D675076257390D700B3F0BC /* Frameworks */ = {
			isa = PBXFrameworksBuildPhase;
			buildActionMask = 2147483647;
			files = (
			);
			runOnlyForDeploymentPostprocessing = 0;
		};
/* End PBXFrameworksBuildPhase section */

/* Begin PBXGroup section */
		5D675057257390D200B3F0BC = {
			isa = PBXGroup;
			children = (
				5D675062257390D200B3F0BC /* ItunesExplorer */,
				5D67507C257390D700B3F0BC /* ItunesExplorerTests */,
				5D675061257390D200B3F0BC /* Products */,
			);
			sourceTree = "<group>";
		};
		5D675061257390D200B3F0BC /* Products */ = {
			isa = PBXGroup;
			children = (
				5D675060257390D200B3F0BC /* ItunesExplorer.app */,
				5D675079257390D700B3F0BC /* ItunesExplorerTests.xctest */,
			);
			name = Products;
			sourceTree = "<group>";
		};
		5D675062257390D200B3F0BC /* ItunesExplorer */ = {
			isa = PBXGroup;
			children = (
				5D675063257390D200B3F0BC /* AppDelegate.swift */,
				5D675065257390D200B3F0BC /* SceneDelegate.swift */,
				5D675067257390D200B3F0BC /* ViewController.swift */,
				5D675069257390D200B3F0BC /* Main.storyboard */,
				5D67506F257390D700B3F0BC /* Assets.xcassets */,
				5D675071257390D700B3F0BC /* LaunchScreen.storyboard */,
				5D675074257390D700B3F0BC /* Info.plist */,
				5D67506C257390D200B3F0BC /* ItunesExplorer.xcdatamodeld */,
			);
			path = ItunesExplorer;
			sourceTree = "<group>";
		};
		5D67507C257390D700B3F0BC /* ItunesExplorerTests */ = {
			isa = PBXGroup;
			children = (
				5D67507D257390D700B3F0BC /* ItunesExplorerTests.swift */,
				5D67507F257390D700B3F0BC /* Info.plist */,
			);
			path = ItunesExplorerTests;
			sourceTree = "<group>";
		};
/* End PBXGroup section */

/* Begin PBXNativeTarget section */
		5D67505F257390D200B3F0BC /* ItunesExplorer */ = {
			isa = PBXNativeTarget;
			buildConfigurationList = 5D675082257390D700B3F0BC /* Build configuration list for PBXNativeTarget "ItunesExplorer" */;
			buildPhases = (
				5D67505C257390D200B3F0BC /* Sources */,
				5D67505D257390D200B3F0BC /* Frameworks */,
				5D67505E257390D200B3F0BC /* Resources */,
			);
			buildRules = (
			);
			dependencies = (
			);
			name = ItunesExplorer;
			productName = ItunesExplorer;
			productReference = 5D675060257390D200B3F0BC /* ItunesExplorer.app */;
			productType = "com.apple.product-type.application";
		};
		5D675078257390D700B3F0BC /* ItunesExplorerTests */ = {
			isa = PBXNativeTarget;
			buildConfigurationList = 5D675085257390D700B3F0BC /* Build configuration list for PBXNativeTarget "ItunesExplorerTests" */;
			buildPhases = (
				5D675075257390D700B3F0BC /* Sources */,
				5D675076257390D700B3F0BC /* Frameworks */,
				5D675077257390D700B3F0BC /* Resources */,
			);
			buildRules = (
			);
			dependencies = (
				5D67507B257390D700B3F0BC /* PBXTargetDependency */,
			);
			name = ItunesExplorerTests;
			productName = ItunesExplorerTests;
			productReference = 5D675079257390D700B3F0BC /* ItunesExplorerTests.xctest */;
			productType = "com.apple.product-type.bundle.unit-test";
		};
/* End PBXNativeTarget section */

/* Begin PBXProject section */
		5D675058257390D200B3F0BC /* Project object */ = {
			isa = PBXProject;
			attributes = {
				LastSwiftUpdateCheck = 1170;
				LastUpgradeCheck = 1170;
				ORGANIZATIONNAME = "Elijah Tristan Huey Chan";
				TargetAttributes = {
					5D67505F257390D200B3F0BC = {
						CreatedOnToolsVersion = 11.7;
					};
					5D675078257390D700B3F0BC = {
						CreatedOnToolsVersion = 11.7;
						TestTargetID = 5D67505F257390D200B3F0BC;
					};
				};
			};
			buildConfigurationList = 5D67505B257390D200B3F0BC /* Build configuration list for PBXProject "ItunesExplorer" */;
			compatibilityVersion = "Xcode 9.3";
			developmentRegion = en;
			hasScannedForEncodings = 0;
			knownRegions = (
				en,
				Base,
			);
			mainGroup = 5D675057257390D200B3F0BC;
			productRefGroup = 5D675061257390D200B3F0BC /* Products */;
			projectDirPath = "";
			projectRoot = "";
			targets = (
				5D67505F257390D200B3F0BC /* ItunesExplorer */,
				5D675078257390D700B3F0BC /* ItunesExplorerTests */,
			);
		};
/* End PBXProject section */

/* Begin PBXResourcesBuildPhase section */
		5D67505E257390D200B3F0BC /* Resources */ = {
			isa = PBXResourcesBuildPhase;
			buildActionMask = 2147483647;
			files = (
				5D675073257390D700B3F0BC /* LaunchScreen.storyboard in Resources */,
				5D675070257390D700B3F0BC /* Assets.xcassets in Resources */,
				5D67506B257390D200B3F0BC /* Main.storyboard in Resources */,
			);
			runOnlyForDeploymentPostprocessing = 0;
		};
		5D675077257390D700B3F0BC /* Resources */ = {
			isa = PBXResourcesBuildPhase;
			buildActionMask = 2147483647;
			files = (
			);
			runOnlyForDeploymentPostprocessing = 0;
		};
/* End PBXResourcesBuildPhase section */

/* Begin PBXSourcesBuildPhase section */
		5D67505C257390D200B3F0BC /* Sources */ = {
			isa = PBXSourcesBuildPhase;
			buildActionMask = 2147483647;
			files = (
				5D67506E257390D200B3F0BC /* ItunesExplorer.xcdatamodeld in Sources */,
				5D675068257390D200B3F0BC /* ViewController.swift in Sources */,
				5D675064257390D200B3F0BC /* AppDelegate.swift in Sources */,
				5D675066257390D200B3F0BC /* SceneDelegate.swift in Sources */,
			);
			runOnlyForDeploymentPostprocessing = 0;
		};
		5D675075257390D700B3F0BC /* Sources */ = {
			isa = PBXSourcesBuildPhase;
			buildActionMask = 2147483647;
			files = (
				5D67507E257390D700B3F0BC /* ItunesExplorerTests.swift in Sources */,
			);
			runOnlyForDeploymentPostprocessing = 0;
		};
/* End PBXSourcesBuildPhase section */

/* Begin PBXTargetDependency section */
		5D67507B257390D700B3F0BC /* PBXTargetDependency */ = {
			isa = PBXTargetDependency;
			target = 5D67505F257390D200B3F0BC /* ItunesExplorer */;
			targetProxy = 5D67507A257390D700B3F0BC /* PBXContainerItemProxy */;
		};
/* End PBXTargetDependency section */

/* Begin PBXVariantGroup section */
		5D675069257390D200B3F0BC /* Main.storyboard */ = {
			isa = PBXVariantGroup;
			children = (
				5D67506A257390D200B3F0BC /* Base */,
			);
			name = Main.storyboard;
			sourceTree = "<group>";
		};
		5D675071257390D700B3F0BC /* LaunchScreen.storyboard */ = {
			isa = PBXVariantGroup;
			children = (
				5D675072257390D700B3F0BC /* Base */,
			);
			name = LaunchScreen.storyboard;
			sourceTree = "<group>";
		};
/* End PBXVariantGroup section */

/* Begin XCBuildConfiguration section */
		5D675080257390D700B3F0BC /* Debug */ = {
			isa = XCBuildConfiguration;
			buildSettings = {
				ALWAYS_SEARCH_USER_PATHS = NO;
				CLANG_ANALYZER_NONNULL = YES;
				CLANG_ANALYZER_NUMBER_OBJECT_CONVERSION = YES_AGGRESSIVE;
				CLANG_CXX_LANGUAGE_STANDARD = "gnu++14";
				CLANG_CXX_LIBRARY = "libc++";
				CLANG_ENABLE_MODULES = YES;
				CLANG_ENABLE_OBJC_ARC = YES;
				CLANG_ENABLE_OBJC_WEAK = YES;
				CLANG_WARN_BLOCK_CAPTURE_AUTORELEASING = YES;
				CLANG_WARN_BOOL_CONVERSION = YES;
				CLANG_WARN_COMMA = YES;
				CLANG_WARN_CONSTANT_CONVERSION = YES;
				CLANG_WARN_DEPRECATED_OBJC_IMPLEMENTATIONS = YES;
				CLANG_WARN_DIRECT_OBJC_ISA_USAGE = YES_ERROR;
				CLANG_WARN_DOCUMENTATION_COMMENTS = YES;
				CLANG_WARN_EMPTY_BODY = YES;
				CLANG_WARN_ENUM_CONVERSION = YES;
				CLANG_WARN_INFINITE_RECURSION = YES;
				CLANG_WARN_INT_CONVERSION = YES;
				CLANG_WARN_NON_LITERAL_NULL_CONVERSION = YES;
				CLANG_WARN_OBJC_IMPLICIT_RETAIN_SELF = YES;
				CLANG_WARN_OBJC_LITERAL_CONVERSION = YES;
				CLANG_WARN_OBJC_ROOT_CLASS = YES_ERROR;
				CLANG_WARN_RANGE_LOOP_ANALYSIS = YES;
				CLANG_WARN_STRICT_PROTOTYPES = YES;
				CLANG_WARN_SUSPICIOUS_MOVE = YES;
				CLANG_WARN_UNGUARDED_AVAILABILITY = YES_AGGRESSIVE;
				CLANG_WARN_UNREACHABLE_CODE = YES;
				CLANG_WARN__DUPLICATE_METHOD_MATCH = YES;
				COPY_PHASE_STRIP = NO;
				DEBUG_INFORMATION_FORMAT = dwarf;
				ENABLE_STRICT_OBJC_MSGSEND = YES;
				ENABLE_TESTABILITY = YES;
				GCC_C_LANGUAGE_STANDARD = gnu11;
				GCC_DYNAMIC_NO_PIC = NO;
				GCC_NO_COMMON_BLOCKS = YES;
				GCC_OPTIMIZATION_LEVEL = 0;
				GCC_PREPROCESSOR_DEFINITIONS = (
					"DEBUG=1",
					"$(inherited)",
				);
				GCC_WARN_64_TO_32_BIT_CONVERSION = YES;
				GCC_WARN_ABOUT_RETURN_TYPE = YES_ERROR;
				GCC_WARN_UNDECLARED_SELECTOR = YES;
				GCC_WARN_UNINITIALIZED_AUTOS = YES_AGGRESSIVE;
				GCC_WARN_UNUSED_FUNCTION = YES;
				GCC_WARN_UNUSED_VARIABLE = YES;
				IPHONEOS_DEPLOYMENT_TARGET = 13.7;
				MTL_ENABLE_DEBUG_INFO = INCLUDE_SOURCE;
				MTL_FAST_MATH = YES;
				ONLY_ACTIVE_ARCH = YES;
				SDKROOT = iphoneos;
				SWIFT_ACTIVE_COMPILATION_CONDITIONS = DEBUG;
				SWIFT_OPTIMIZATION_LEVEL = "-Onone";
			};
			name = Debug;
		};
		5D675081257390D700B3F0BC /* Release */ = {
			isa = XCBuildConfiguration;
			buildSettings = {
				ALWAYS_SEARCH_USER_PATHS = NO;
				CLANG_ANALYZER_NONNULL = YES;
				CLANG_ANALYZER_NUMBER_OBJECT_CONVERSION = YES_AGGRESSIVE;
				CLANG_CXX_LANGUAGE_STANDARD = "gnu++14";
				CLANG_CXX_LIBRARY = "libc++";
				CLANG_ENABLE_MODULES = YES;
				CLANG_ENABLE_OBJC_ARC = YES;
				CLANG_ENABLE_OBJC_WEAK = YES;
				CLANG_WARN_BLOCK_CAPTURE_AUTORELEASING = YES;
				CLANG_WARN_BOOL_CONVERSION = YES;
				CLANG_WARN_COMMA = YES;
				CLANG_WARN_CONSTANT_CONVERSION = YES;
				CLANG_WARN_DEPRECATED_OBJC_IMPLEMENTATIONS = YES;
				CLANG_WARN_DIRECT_OBJC_ISA_USAGE = YES_ERROR;
				CLANG_WARN_DOCUMENTATION_COMMENTS = YES;
				CLANG_WARN_EMPTY_BODY = YES;
				CLANG_WARN_ENUM_CONVERSION = YES;
				CLANG_WARN_INFINITE_RECURSION = YES;
				CLANG_WARN_INT_CONVERSION = YES;
				CLANG_WARN_NON_LITERAL_NULL_CONVERSION = YES;
				CLANG_WARN_OBJC_IMPLICIT_RETAIN_SELF = YES;
				CLANG_WARN_OBJC_LITERAL_CONVERSION = YES;
				CLANG_WARN_OBJC_ROOT_CLASS = YES_ERROR;
				CLANG_WARN_RANGE_LOOP_ANALYSIS = YES;
				CLANG_WARN_STRICT_PROTOTYPES = YES;
				CLANG_WARN_SUSPICIOUS_MOVE = YES;
				CLANG_WARN_UNGUARDED_AVAILABILITY = YES_AGGRESSIVE;
				CLANG_WARN_UNREACHABLE_CODE = YES;
				CLANG_WARN__DUPLICATE_METHOD_MATCH = YES;
				COPY_PHASE_STRIP = NO;
				DEBUG_INFORMATION_FORMAT = "dwarf-with-dsym";
				ENABLE_NS_ASSERTIONS = NO;
				ENABLE_STRICT_OBJC_MSGSEND = YES;
				GCC_C_LANGUAGE_STANDARD = gnu11;
				GCC_NO_COMMON_BLOCKS = YES;
				GCC_WARN_64_TO_32_BIT_CONVERSION = YES;
				GCC_WARN_ABOUT_RETURN_TYPE = YES_ERROR;
				GCC_WARN_UNDECLARED_SELECTOR = YES;
				GCC_WARN_UNINITIALIZED_AUTOS = YES_AGGRESSIVE;
				GCC_WARN_UNUSED_FUNCTION = YES;
				GCC_WARN_UNUSED_VARIABLE = YES;
				IPHONEOS_DEPLOYMENT_TARGET = 13.7;
				MTL_ENABLE_DEBUG_INFO = NO;
				MTL_FAST_MATH = YES;
				SDKROOT = iphoneos;
				SWIFT_COMPILATION_MODE = wholemodule;
				SWIFT_OPTIMIZATION_LEVEL = "-O";
				VALIDATE_PRODUCT = YES;
			};
			name = Release;
		};
		5D675083257390D700B3F0BC /* Debug */ = {
			isa = XCBuildConfiguration;
			buildSettings = {
				ASSETCATALOG_COMPILER_APPICON_NAME = AppIcon;
				CODE_SIGN_STYLE = Automatic;
				DEVELOPMENT_TEAM = 847YLVY9X7;
				INFOPLIST_FILE = ItunesExplorer/Info.plist;
				LD_RUNPATH_SEARCH_PATHS = (
					"$(inherited)",
					"@executable_path/Frameworks",
				);
				PRODUCT_BUNDLE_IDENTIFIER = elijahchan.ItunesExplorer;
				PRODUCT_NAME = "$(TARGET_NAME)";
				SWIFT_VERSION = 5.0;
				TARGETED_DEVICE_FAMILY = "1,2";
			};
			name = Debug;
		};
		5D675084257390D700B3F0BC /* Release */ = {
			isa = XCBuildConfiguration;
			buildSettings = {
				ASSETCATALOG_COMPILER_APPICON_NAME = AppIcon;
				CODE_SIGN_STYLE = Automatic;
				DEVELOPMENT_TEAM = 847YLVY9X7;
				INFOPLIST_FILE = ItunesExplorer/Info.plist;
				LD_RUNPATH_SEARCH_PATHS = (
					"$(inherited)",
					"@executable_path/Frameworks",
				);
				PRODUCT_BUNDLE_IDENTIFIER = elijahchan.ItunesExplorer;
				PRODUCT_NAME = "$(TARGET_NAME)";
				SWIFT_VERSION = 5.0;
				TARGETED_DEVICE_FAMILY = "1,2";
			};
			name = Release;
		};
		5D675086257390D700B3F0BC /* Debug */ = {
			isa = XCBuildConfiguration;
			buildSettings = {
				ALWAYS_EMBED_SWIFT_STANDARD_LIBRARIES = YES;
				BUNDLE_LOADER = "$(TEST_HOST)";
				CODE_SIGN_STYLE = Automatic;
				DEVELOPMENT_TEAM = 847YLVY9X7;
				INFOPLIST_FILE = ItunesExplorerTests/Info.plist;
				IPHONEOS_DEPLOYMENT_TARGET = 13.7;
				LD_RUNPATH_SEARCH_PATHS = (
					"$(inherited)",
					"@executable_path/Frameworks",
					"@loader_path/Frameworks",
				);
				PRODUCT_BUNDLE_IDENTIFIER = elijahchan.ItunesExplorerTests;
				PRODUCT_NAME = "$(TARGET_NAME)";
				SWIFT_VERSION = 5.0;
				TARGETED_DEVICE_FAMILY = "1,2";
				TEST_HOST = "$(BUILT_PRODUCTS_DIR)/ItunesExplorer.app/ItunesExplorer";
			};
			name = Debug;
		};
		5D675087257390D700B3F0BC /* Release */ = {
			isa = XCBuildConfiguration;
			buildSettings = {
				ALWAYS_EMBED_SWIFT_STANDARD_LIBRARIES = YES;
				BUNDLE_LOADER = "$(TEST_HOST)";
				CODE_SIGN_STYLE = Automatic;
				DEVELOPMENT_TEAM = 847YLVY9X7;
				INFOPLIST_FILE = ItunesExplorerTests/Info.plist;
				IPHONEOS_DEPLOYMENT_TARGET = 13.7;
				LD_RUNPATH_SEARCH_PATHS = (
					"$(inherited)",
					"@executable_path/Frameworks",
					"@loader_path/Frameworks",
				);
				PRODUCT_BUNDLE_IDENTIFIER = elijahchan.ItunesExplorerTests;
				PRODUCT_NAME = "$(TARGET_NAME)";
				SWIFT_VERSION = 5.0;
				TARGETED_DEVICE_FAMILY = "1,2";
				TEST_HOST = "$(BUILT_PRODUCTS_DIR)/ItunesExplorer.app/ItunesExplorer";
			};
			name = Release;
		};
/* End XCBuildConfiguration section */

/* Begin XCConfigurationList section */
		5D67505B257390D200B3F0BC /* Build configuration list for PBXProject "ItunesExplorer" */ = {
			isa = XCConfigurationList;
			buildConfigurations = (
				5D675080257390D700B3F0BC /* Debug */,
				5D675081257390D700B3F0BC /* Release */,
			);
			defaultConfigurationIsVisible = 0;
			defaultConfigurationName = Release;
		};
		5D675082257390D700B3F0BC /* Build configuration list for PBXNativeTarget "ItunesExplorer" */ = {
			isa = XCConfigurationList;
			buildConfigurations = (
				5D675083257390D700B3F0BC /* Debug */,
				5D675084257390D700B3F0BC /* Release */,
			);
			defaultConfigurationIsVisible = 0;
			defaultConfigurationName = Release;
		};
		5D675085257390D700B3F0BC /* Build configuration list for PBXNativeTarget "ItunesExplorerTests" */ = {
			isa = XCConfigurationList;
			buildConfigurations = (
				5D675086257390D700B3F0BC /* Debug */,
				5D675087257390D700B3F0BC /* Release */,
			);
			defaultConfigurationIsVisible = 0;
			defaultConfigurationName = Release;
		};
/* End XCConfigurationList section */

/* Begin XCVersionGroup section */
		5D67506C257390D200B3F0BC /* ItunesExplorer.xcdatamodeld */ = {
			isa = XCVersionGroup;
			children = (
				5D67506D257390D200B3F0BC /* ItunesExplorer.xcdatamodel */,
			);
			currentVersion = 5D67506D257390D200B3F0BC /* ItunesExplorer.xcdatamodel */;
			path = ItunesExplorer.xcdatamodeld;
			sourceTree = "<group>";
			versionGroupType = wrapper.xcdatamodel;
		};
/* End XCVersionGroup section */
	};
	rootObject = 5D675058257390D200B3F0BC /* Project object */;
}
